
Microsoft Visual Studio Solution File, Format Version 12.00
# Visual Studio Version 17
VisualStudioVersion = 17.1.32414.318
MinimumVisualStudioVersion = 10.0.40219.1
Project("{FAE04EC0-301F-11D3-BF4B-00C04F79EFBC}") = "TicketsDeCinema", "TicketsDeCinema\TicketsDeCinema.csproj", "{9088F074-AE21-470C-B553-34290E7A6DC3}"
EndProject
Global
	GlobalSection(SolutionConfigurationPlatforms) = preSolution
		Debug|Any CPU = Debug|Any CPU
		Release|Any CPU = Release|Any CPU
	EndGlobalSection
	GlobalSection(ProjectConfigurationPlatforms) = postSolution
		{9088F074-AE21-470C-B553-34290E7A6DC3}.Debug|Any CPU.ActiveCfg = Debug|Any CPU
		{9088F074-AE21-470C-B553-34290E7A6DC3}.Debug|Any CPU.Build.0 = Debug|Any CPU
		{9088F074-AE21-470C-B553-34290E7A6DC3}.Release|Any CPU.ActiveCfg = Release|Any CPU
		{9088F074-AE21-470C-B553-34290E7A6DC3}.Release|Any CPU.Build.0 = Release|Any CPU
	EndGlobalSection
	GlobalSection(SolutionProperties) = preSolution
		HideSolutionNode = FALSE
	EndGlobalSection
	GlobalSection(ExtensibilityGlobals) = postSolution
		SolutionGuid = {EB892EEE-6F7C-42C6-B315-703A4A4D7573}
	EndGlobalSection
EndGlobal
